
Microsoft Visual Studio Solution File, Format Version 12.00
# Visual Studio Version 17
VisualStudioVersion = 17.9.34714.143
MinimumVisualStudioVersion = 10.0.40219.1
Project("{9A19103F-16F7-4668-BE54-9A1E7A4F7556}") = "ProJeto_Cliente_Produto", "ProJeto_Cliente_Produto.csproj", "{576FC40F-B385-439E-8CD3-C99C71E5C5F9}"
	ProjectSection(ProjectDependencies) = postProject
		{B21844E7-C89E-437A-8676-0CCA90AEB99B} = {B21844E7-C89E-437A-8676-0CCA90AEB99B}
	EndProjectSection
EndProject
Project("{9A19103F-16F7-4668-BE54-9A1E7A4F7556}") = "servico", "..\servico\servico.csproj", "{B21844E7-C89E-437A-8676-0CCA90AEB99B}"
EndProject
Global
	GlobalSection(SolutionConfigurationPlatforms) = preSolution
		Debug|Any CPU = Debug|Any CPU
		Release|Any CPU = Release|Any CPU
	EndGlobalSection
	GlobalSection(ProjectConfigurationPlatforms) = postSolution
		{576FC40F-B385-439E-8CD3-C99C71E5C5F9}.Debug|Any CPU.ActiveCfg = Debug|Any CPU
		{576FC40F-B385-439E-8CD3-C99C71E5C5F9}.Debug|Any CPU.Build.0 = Debug|Any CPU
		{576FC40F-B385-439E-8CD3-C99C71E5C5F9}.Release|Any CPU.ActiveCfg = Release|Any CPU
		{576FC40F-B385-439E-8CD3-C99C71E5C5F9}.Release|Any CPU.Build.0 = Release|Any CPU
		{B21844E7-C89E-437A-8676-0CCA90AEB99B}.Debug|Any CPU.ActiveCfg = Debug|Any CPU
		{B21844E7-C89E-437A-8676-0CCA90AEB99B}.Debug|Any CPU.Build.0 = Debug|Any CPU
		{B21844E7-C89E-437A-8676-0CCA90AEB99B}.Release|Any CPU.ActiveCfg = Release|Any CPU
		{B21844E7-C89E-437A-8676-0CCA90AEB99B}.Release|Any CPU.Build.0 = Release|Any CPU
	EndGlobalSection
	GlobalSection(SolutionProperties) = preSolution
		HideSolutionNode = FALSE
	EndGlobalSection
	GlobalSection(ExtensibilityGlobals) = postSolution
		SolutionGuid = {C070BADB-A36C-42EB-9666-844C0409614F}
	EndGlobalSection
EndGlobal
